
Microsoft Visual Studio Solution File, Format Version 12.00
# Visual Studio Version 17
VisualStudioVersion = 17.4.33110.190
MinimumVisualStudioVersion = 10.0.40219.1
Project("{FAE04EC0-301F-11D3-BF4B-00C04F79EFBC}") = "BarryFamily.Synology.PhotoOrganizer", "BarryFamily.Synology.PhotoOrganizer\BarryFamily.Synology.PhotoOrganizer.csproj", "{06B54C3C-5BF9-45A1-98E3-074D58E37BBA}"
EndProject
Global
	GlobalSection(SolutionConfigurationPlatforms) = preSolution
		Debug|Any CPU = Debug|Any CPU
		Release|Any CPU = Release|Any CPU
	EndGlobalSection
	GlobalSection(ProjectConfigurationPlatforms) = postSolution
		{06B54C3C-5BF9-45A1-98E3-074D58E37BBA}.Debug|Any CPU.ActiveCfg = Debug|Any CPU
		{06B54C3C-5BF9-45A1-98E3-074D58E37BBA}.Debug|Any CPU.Build.0 = Debug|Any CPU
		{06B54C3C-5BF9-45A1-98E3-074D58E37BBA}.Release|Any CPU.ActiveCfg = Release|Any CPU
		{06B54C3C-5BF9-45A1-98E3-074D58E37BBA}.Release|Any CPU.Build.0 = Release|Any CPU
	EndGlobalSection
	GlobalSection(SolutionProperties) = preSolution
		HideSolutionNode = FALSE
	EndGlobalSection
	GlobalSection(ExtensibilityGlobals) = postSolution
		SolutionGuid = {DF004D8A-5441-4BCB-A2FB-274C756E3623}
	EndGlobalSection
EndGlobal
